
Microsoft Visual Studio Solution File, Format Version 12.00
# Visual Studio Version 16
VisualStudioVersion = 16.0.29503.13
MinimumVisualStudioVersion = 10.0.40219.1
Global
	GlobalSection(SolutionConfigurationPlatforms) = preSolution
		Debug|Any CPU = Debug|Any CPU
		Release|Any CPU = Release|Any CPU
	EndGlobalSection
	GlobalSection(ProjectConfigurationPlatforms) = postSolution
		{DC48FA10-61F2-42A8-956E-5B2C624090E2}.Debug|Any CPU.ActiveCfg = Debug|Any CPU
		{DC48FA10-61F2-42A8-956E-5B2C624090E2}.Debug|Any CPU.Build.0 = Debug|Any CPU
		{DC48FA10-61F2-42A8-956E-5B2C624090E2}.Release|Any CPU.ActiveCfg = Release|Any CPU
		{DC48FA10-61F2-42A8-956E-5B2C624090E2}.Release|Any CPU.Build.0 = Release|Any CPU
	EndGlobalSection
	GlobalSection(SolutionProperties) = preSolution
		HideSolutionNode = FALSE
	EndGlobalSection
	GlobalSection(ExtensibilityGlobals) = postSolution
		SolutionGuid = {6AA11F4E-5BF3-4D9A-AFCC-947355E8ADBB}
	EndGlobalSection
EndGlobal
